// !$*UTF8*$!
{
	archiveVersion = 1;
	classes = {
	};
	objectVersion = 56;
	objects = {

/* Begin PBXBuildFile section */
		8AF090812A55757F0024CB75 /* AppDelegate.swift in Sources */ = {isa = PBXBuildFile; fileRef = 8AF090802A55757F0024CB75 /* AppDelegate.swift */; };
		8AF090852A55757F0024CB75 /* ViewController.swift in Sources */ = {isa = PBXBuildFile; fileRef = 8AF090842A55757F0024CB75 /* ViewController.swift */; };
		8AF0908A2A5575830024CB75 /* Assets.xcassets in Resources */ = {isa = PBXBuildFile; fileRef = 8AF090892A5575830024CB75 /* Assets.xcassets */; };
		CE1BA3412A59997B00E19605 /* LaunchScreen.storyboard in Resources */ = {isa = PBXBuildFile; fileRef = CE1BA3402A59997B00E19605 /* LaunchScreen.storyboard */; };
		CE1BA34D2A599B0300E19605 /* ProfileView.swift in Sources */ = {isa = PBXBuildFile; fileRef = CE1BA3442A599B0300E19605 /* ProfileView.swift */; };
		CE1BA34F2A599B0300E19605 /* Colors.swift in Sources */ = {isa = PBXBuildFile; fileRef = CE1BA3482A599B0300E19605 /* Colors.swift */; };
		CE1BA3502A599B0300E19605 /* NavigationTabBar.swift in Sources */ = {isa = PBXBuildFile; fileRef = CE1BA34A2A599B0300E19605 /* NavigationTabBar.swift */; };
		CE1BA3512A599B0300E19605 /* ProfileModel.swift in Sources */ = {isa = PBXBuildFile; fileRef = CE1BA34C2A599B0300E19605 /* ProfileModel.swift */; };
		CE1BA3562A599E7800E19605 /* ProfileButtonStyle.swift in Sources */ = {isa = PBXBuildFile; fileRef = CE1BA3552A599E7800E19605 /* ProfileButtonStyle.swift */; };
		CE1BA3582A599F0F00E19605 /* CarouselViewModel.swift in Sources */ = {isa = PBXBuildFile; fileRef = CE1BA3572A599F0F00E19605 /* CarouselViewModel.swift */; };
		CE1BA35A2A599F1600E19605 /* CarouselViewController.swift in Sources */ = {isa = PBXBuildFile; fileRef = CE1BA3592A599F1600E19605 /* CarouselViewController.swift */; };
		CE1BA35C2A599FF200E19605 /* Enums.swift in Sources */ = {isa = PBXBuildFile; fileRef = CE1BA35B2A599FF200E19605 /* Enums.swift */; };
		CE1BA3622A59A0F300E19605 /* Localizable.strings in Resources */ = {isa = PBXBuildFile; fileRef = CE1BA3642A59A0F300E19605 /* Localizable.strings */; };
		CEB993FB2A55789D00E502F9 /* Moya in Frameworks */ = {isa = PBXBuildFile; productRef = CEB993FA2A55789D00E502F9 /* Moya */; };
		CEB993FE2A5578D200E502F9 /* Kingfisher in Frameworks */ = {isa = PBXBuildFile; productRef = CEB993FD2A5578D200E502F9 /* Kingfisher */; };
/* End PBXBuildFile section */

/* Begin PBXFileReference section */
		8AF0907D2A55757F0024CB75 /* JoyDev_Practice.app */ = {isa = PBXFileReference; explicitFileType = wrapper.application; includeInIndex = 0; path = JoyDev_Practice.app; sourceTree = BUILT_PRODUCTS_DIR; };
		8AF090802A55757F0024CB75 /* AppDelegate.swift */ = {isa = PBXFileReference; lastKnownFileType = sourcecode.swift; path = AppDelegate.swift; sourceTree = "<group>"; };
		8AF090842A55757F0024CB75 /* ViewController.swift */ = {isa = PBXFileReference; lastKnownFileType = sourcecode.swift; path = ViewController.swift; sourceTree = "<group>"; };
		8AF090892A5575830024CB75 /* Assets.xcassets */ = {isa = PBXFileReference; lastKnownFileType = folder.assetcatalog; path = Assets.xcassets; sourceTree = "<group>"; };
		8AF0908E2A5575830024CB75 /* Info.plist */ = {isa = PBXFileReference; lastKnownFileType = text.plist.xml; path = Info.plist; sourceTree = "<group>"; };
		CE1BA3402A59997B00E19605 /* LaunchScreen.storyboard */ = {isa = PBXFileReference; fileEncoding = 4; lastKnownFileType = file.storyboard; path = LaunchScreen.storyboard; sourceTree = "<group>"; };
		CE1BA3442A599B0300E19605 /* ProfileView.swift */ = {isa = PBXFileReference; fileEncoding = 4; lastKnownFileType = sourcecode.swift; path = ProfileView.swift; sourceTree = "<group>"; };
		CE1BA3482A599B0300E19605 /* Colors.swift */ = {isa = PBXFileReference; fileEncoding = 4; lastKnownFileType = sourcecode.swift; path = Colors.swift; sourceTree = "<group>"; };
		CE1BA34A2A599B0300E19605 /* NavigationTabBar.swift */ = {isa = PBXFileReference; fileEncoding = 4; lastKnownFileType = sourcecode.swift; path = NavigationTabBar.swift; sourceTree = "<group>"; };
		CE1BA34C2A599B0300E19605 /* ProfileModel.swift */ = {isa = PBXFileReference; fileEncoding = 4; lastKnownFileType = sourcecode.swift; path = ProfileModel.swift; sourceTree = "<group>"; };
		CE1BA3552A599E7800E19605 /* ProfileButtonStyle.swift */ = {isa = PBXFileReference; lastKnownFileType = sourcecode.swift; path = ProfileButtonStyle.swift; sourceTree = "<group>"; };
		CE1BA3572A599F0F00E19605 /* CarouselViewModel.swift */ = {isa = PBXFileReference; lastKnownFileType = sourcecode.swift; path = CarouselViewModel.swift; sourceTree = "<group>"; };
		CE1BA3592A599F1600E19605 /* CarouselViewController.swift */ = {isa = PBXFileReference; lastKnownFileType = sourcecode.swift; path = CarouselViewController.swift; sourceTree = "<group>"; };
		CE1BA35B2A599FF200E19605 /* Enums.swift */ = {isa = PBXFileReference; lastKnownFileType = sourcecode.swift; path = Enums.swift; sourceTree = "<group>"; };
		CE1BA3632A59A0F300E19605 /* ru */ = {isa = PBXFileReference; lastKnownFileType = text.plist.strings; name = ru; path = ru.lproj/Localizable.strings; sourceTree = "<group>"; };
		CE1BA3652A59A0F700E19605 /* en */ = {isa = PBXFileReference; lastKnownFileType = text.plist.strings; name = en; path = en.lproj/Localizable.strings; sourceTree = "<group>"; };
/* End PBXFileReference section */

/* Begin PBXFrameworksBuildPhase section */
		8AF0907A2A55757F0024CB75 /* Frameworks */ = {
			isa = PBXFrameworksBuildPhase;
			buildActionMask = 2147483647;
			files = (
				CEB993FE2A5578D200E502F9 /* Kingfisher in Frameworks */,
				CEB993FB2A55789D00E502F9 /* Moya in Frameworks */,
			);
			runOnlyForDeploymentPostprocessing = 0;
		};
/* End PBXFrameworksBuildPhase section */

/* Begin PBXGroup section */
		8AF090742A55757F0024CB75 = {
			isa = PBXGroup;
			children = (
				8AF0907F2A55757F0024CB75 /* JoyDev_Practice */,
				8AF0907E2A55757F0024CB75 /* Products */,
			);
			sourceTree = "<group>";
		};
		8AF0907E2A55757F0024CB75 /* Products */ = {
			isa = PBXGroup;
			children = (
				8AF0907D2A55757F0024CB75 /* JoyDev_Practice.app */,
			);
			name = Products;
			sourceTree = "<group>";
		};
		8AF0907F2A55757F0024CB75 /* JoyDev_Practice */ = {
			isa = PBXGroup;
			children = (
				CE1BA35D2A59A05D00E19605 /* Misc */,
				CE1BA3522A599DCC00E19605 /* Carousel */,
				CE1BA3452A599B0300E19605 /* Helpers */,
				CE1BA34B2A599B0300E19605 /* Models */,
				CE1BA3492A599B0300E19605 /* Navigation */,
				CE1BA3422A599B0300E19605 /* Profile */,
				CE1BA3402A59997B00E19605 /* LaunchScreen.storyboard */,
				8AF090802A55757F0024CB75 /* AppDelegate.swift */,
				8AF090842A55757F0024CB75 /* ViewController.swift */,
				8AF090892A5575830024CB75 /* Assets.xcassets */,
				8AF0908E2A5575830024CB75 /* Info.plist */,
			);
			path = JoyDev_Practice;
			sourceTree = "<group>";
		};
		CE1BA3422A599B0300E19605 /* Profile */ = {
			isa = PBXGroup;
			children = (
				CE1BA3432A599B0300E19605 /* ProfileView */,
			);
			path = Profile;
			sourceTree = "<group>";
		};
		CE1BA3432A599B0300E19605 /* ProfileView */ = {
			isa = PBXGroup;
			children = (
				CE1BA3442A599B0300E19605 /* ProfileView.swift */,
			);
			path = ProfileView;
			sourceTree = "<group>";
		};
		CE1BA3452A599B0300E19605 /* Helpers */ = {
			isa = PBXGroup;
			children = (
				CE1BA3462A599B0300E19605 /* Styles */,
				CE1BA3482A599B0300E19605 /* Colors.swift */,
			);
			path = Helpers;
			sourceTree = "<group>";
		};
		CE1BA3462A599B0300E19605 /* Styles */ = {
			isa = PBXGroup;
			children = (
				CE1BA3552A599E7800E19605 /* ProfileButtonStyle.swift */,
			);
			path = Styles;
			sourceTree = "<group>";
		};
		CE1BA3492A599B0300E19605 /* Navigation */ = {
			isa = PBXGroup;
			children = (
				CE1BA34A2A599B0300E19605 /* NavigationTabBar.swift */,
			);
			path = Navigation;
			sourceTree = "<group>";
		};
		CE1BA34B2A599B0300E19605 /* Models */ = {
			isa = PBXGroup;
			children = (
				CE1BA34C2A599B0300E19605 /* ProfileModel.swift */,
			);
			path = Models;
			sourceTree = "<group>";
		};
		CE1BA3522A599DCC00E19605 /* Carousel */ = {
			isa = PBXGroup;
			children = (
				CE1BA3542A599DF900E19605 /* CarouselViewModel */,
				CE1BA3532A599DEC00E19605 /* CarouselViewController */,
			);
			path = Carousel;
			sourceTree = "<group>";
		};
		CE1BA3532A599DEC00E19605 /* CarouselViewController */ = {
			isa = PBXGroup;
			children = (
				CE1BA3592A599F1600E19605 /* CarouselViewController.swift */,
			);
			path = CarouselViewController;
			sourceTree = "<group>";
		};
		CE1BA3542A599DF900E19605 /* CarouselViewModel */ = {
			isa = PBXGroup;
			children = (
				CE1BA3572A599F0F00E19605 /* CarouselViewModel.swift */,
			);
			path = CarouselViewModel;
			sourceTree = "<group>";
		};
		CE1BA35D2A59A05D00E19605 /* Misc */ = {
			isa = PBXGroup;
			children = (
				CE1BA35B2A599FF200E19605 /* Enums.swift */,
				CE1BA3642A59A0F300E19605 /* Localizable.strings */,
			);
			path = Misc;
			sourceTree = "<group>";
		};
/* End PBXGroup section */

/* Begin PBXNativeTarget section */
		8AF0907C2A55757F0024CB75 /* JoyDev_Practice */ = {
			isa = PBXNativeTarget;
			buildConfigurationList = 8AF090912A5575830024CB75 /* Build configuration list for PBXNativeTarget "JoyDev_Practice" */;
			buildPhases = (
				8AF090792A55757F0024CB75 /* Sources */,
				8AF0907A2A55757F0024CB75 /* Frameworks */,
				8AF0907B2A55757F0024CB75 /* Resources */,
			);
			buildRules = (
			);
			dependencies = (
			);
			name = JoyDev_Practice;
			packageProductDependencies = (
				CEB993FA2A55789D00E502F9 /* Moya */,
				CEB993FD2A5578D200E502F9 /* Kingfisher */,
			);
			productName = JoyDev_Practice;
			productReference = 8AF0907D2A55757F0024CB75 /* JoyDev_Practice.app */;
			productType = "com.apple.product-type.application";
		};
/* End PBXNativeTarget section */

/* Begin PBXProject section */
		8AF090752A55757F0024CB75 /* Project object */ = {
			isa = PBXProject;
			attributes = {
				BuildIndependentTargetsInParallel = 1;
				LastSwiftUpdateCheck = 1400;
				LastUpgradeCheck = 1400;
				TargetAttributes = {
					8AF0907C2A55757F0024CB75 = {
						CreatedOnToolsVersion = 14.0.1;
					};
				};
			};
			buildConfigurationList = 8AF090782A55757F0024CB75 /* Build configuration list for PBXProject "JoyDev_Practice" */;
			compatibilityVersion = "Xcode 14.0";
			developmentRegion = en;
			hasScannedForEncodings = 0;
			knownRegions = (
				en,
				Base,
				ru,
			);
			mainGroup = 8AF090742A55757F0024CB75;
			packageReferences = (
				CEB993F92A55789D00E502F9 /* XCRemoteSwiftPackageReference "Moya" */,
				CEB993FC2A5578D200E502F9 /* XCRemoteSwiftPackageReference "Kingfisher" */,
			);
			productRefGroup = 8AF0907E2A55757F0024CB75 /* Products */;
			projectDirPath = "";
			projectRoot = "";
			targets = (
				8AF0907C2A55757F0024CB75 /* JoyDev_Practice */,
			);
		};
/* End PBXProject section */

/* Begin PBXResourcesBuildPhase section */
		8AF0907B2A55757F0024CB75 /* Resources */ = {
			isa = PBXResourcesBuildPhase;
			buildActionMask = 2147483647;
			files = (
				8AF0908A2A5575830024CB75 /* Assets.xcassets in Resources */,
				CE1BA3622A59A0F300E19605 /* Localizable.strings in Resources */,
				CE1BA3412A59997B00E19605 /* LaunchScreen.storyboard in Resources */,
			);
			runOnlyForDeploymentPostprocessing = 0;
		};
/* End PBXResourcesBuildPhase section */

/* Begin PBXSourcesBuildPhase section */
		8AF090792A55757F0024CB75 /* Sources */ = {
			isa = PBXSourcesBuildPhase;
			buildActionMask = 2147483647;
			files = (
				8AF090852A55757F0024CB75 /* ViewController.swift in Sources */,
				CE1BA3512A599B0300E19605 /* ProfileModel.swift in Sources */,
				CE1BA35C2A599FF200E19605 /* Enums.swift in Sources */,
				CE1BA3502A599B0300E19605 /* NavigationTabBar.swift in Sources */,
				CE1BA3562A599E7800E19605 /* ProfileButtonStyle.swift in Sources */,
				CE1BA34F2A599B0300E19605 /* Colors.swift in Sources */,
				CE1BA3582A599F0F00E19605 /* CarouselViewModel.swift in Sources */,
				CE1BA34D2A599B0300E19605 /* ProfileView.swift in Sources */,
				CE1BA35A2A599F1600E19605 /* CarouselViewController.swift in Sources */,
				8AF090812A55757F0024CB75 /* AppDelegate.swift in Sources */,
			);
			runOnlyForDeploymentPostprocessing = 0;
		};
/* End PBXSourcesBuildPhase section */

/* Begin PBXVariantGroup section */
		CE1BA3642A59A0F300E19605 /* Localizable.strings */ = {
			isa = PBXVariantGroup;
			children = (
				CE1BA3632A59A0F300E19605 /* ru */,
				CE1BA3652A59A0F700E19605 /* en */,
			);
			name = Localizable.strings;
			sourceTree = "<group>";
		};
/* End PBXVariantGroup section */

/* Begin XCBuildConfiguration section */
		8AF0908F2A5575830024CB75 /* Debug */ = {
			isa = XCBuildConfiguration;
			buildSettings = {
				ALWAYS_SEARCH_USER_PATHS = NO;
				CLANG_ANALYZER_NONNULL = YES;
				CLANG_ANALYZER_NUMBER_OBJECT_CONVERSION = YES_AGGRESSIVE;
				CLANG_CXX_LANGUAGE_STANDARD = "gnu++20";
				CLANG_ENABLE_MODULES = YES;
				CLANG_ENABLE_OBJC_ARC = YES;
				CLANG_ENABLE_OBJC_WEAK = YES;
				CLANG_WARN_BLOCK_CAPTURE_AUTORELEASING = YES;
				CLANG_WARN_BOOL_CONVERSION = YES;
				CLANG_WARN_COMMA = YES;
				CLANG_WARN_CONSTANT_CONVERSION = YES;
				CLANG_WARN_DEPRECATED_OBJC_IMPLEMENTATIONS = YES;
				CLANG_WARN_DIRECT_OBJC_ISA_USAGE = YES_ERROR;
				CLANG_WARN_DOCUMENTATION_COMMENTS = YES;
				CLANG_WARN_EMPTY_BODY = YES;
				CLANG_WARN_ENUM_CONVERSION = YES;
				CLANG_WARN_INFINITE_RECURSION = YES;
				CLANG_WARN_INT_CONVERSION = YES;
				CLANG_WARN_NON_LITERAL_NULL_CONVERSION = YES;
				CLANG_WARN_OBJC_IMPLICIT_RETAIN_SELF = YES;
				CLANG_WARN_OBJC_LITERAL_CONVERSION = YES;
				CLANG_WARN_OBJC_ROOT_CLASS = YES_ERROR;
				CLANG_WARN_QUOTED_INCLUDE_IN_FRAMEWORK_HEADER = YES;
				CLANG_WARN_RANGE_LOOP_ANALYSIS = YES;
				CLANG_WARN_STRICT_PROTOTYPES = YES;
				CLANG_WARN_SUSPICIOUS_MOVE = YES;
				CLANG_WARN_UNGUARDED_AVAILABILITY = YES_AGGRESSIVE;
				CLANG_WARN_UNREACHABLE_CODE = YES;
				CLANG_WARN__DUPLICATE_METHOD_MATCH = YES;
				COPY_PHASE_STRIP = NO;
				DEBUG_INFORMATION_FORMAT = dwarf;
				ENABLE_STRICT_OBJC_MSGSEND = YES;
				ENABLE_TESTABILITY = YES;
				GCC_C_LANGUAGE_STANDARD = gnu11;
				GCC_DYNAMIC_NO_PIC = NO;
				GCC_NO_COMMON_BLOCKS = YES;
				GCC_OPTIMIZATION_LEVEL = 0;
				GCC_PREPROCESSOR_DEFINITIONS = (
					"DEBUG=1",
					"$(inherited)",
				);
				GCC_WARN_64_TO_32_BIT_CONVERSION = YES;
				GCC_WARN_ABOUT_RETURN_TYPE = YES_ERROR;
				GCC_WARN_UNDECLARED_SELECTOR = YES;
				GCC_WARN_UNINITIALIZED_AUTOS = YES_AGGRESSIVE;
				GCC_WARN_UNUSED_FUNCTION = YES;
				GCC_WARN_UNUSED_VARIABLE = YES;
				IPHONEOS_DEPLOYMENT_TARGET = 14.0;
				MTL_ENABLE_DEBUG_INFO = INCLUDE_SOURCE;
				MTL_FAST_MATH = YES;
				ONLY_ACTIVE_ARCH = YES;
				SDKROOT = iphoneos;
				SWIFT_ACTIVE_COMPILATION_CONDITIONS = DEBUG;
				SWIFT_OPTIMIZATION_LEVEL = "-Onone";
			};
			name = Debug;
		};
		8AF090902A5575830024CB75 /* Release */ = {
			isa = XCBuildConfiguration;
			buildSettings = {
				ALWAYS_SEARCH_USER_PATHS = NO;
				CLANG_ANALYZER_NONNULL = YES;
				CLANG_ANALYZER_NUMBER_OBJECT_CONVERSION = YES_AGGRESSIVE;
				CLANG_CXX_LANGUAGE_STANDARD = "gnu++20";
				CLANG_ENABLE_MODULES = YES;
				CLANG_ENABLE_OBJC_ARC = YES;
				CLANG_ENABLE_OBJC_WEAK = YES;
				CLANG_WARN_BLOCK_CAPTURE_AUTORELEASING = YES;
				CLANG_WARN_BOOL_CONVERSION = YES;
				CLANG_WARN_COMMA = YES;
				CLANG_WARN_CONSTANT_CONVERSION = YES;
				CLANG_WARN_DEPRECATED_OBJC_IMPLEMENTATIONS = YES;
				CLANG_WARN_DIRECT_OBJC_ISA_USAGE = YES_ERROR;
				CLANG_WARN_DOCUMENTATION_COMMENTS = YES;
				CLANG_WARN_EMPTY_BODY = YES;
				CLANG_WARN_ENUM_CONVERSION = YES;
				CLANG_WARN_INFINITE_RECURSION = YES;
				CLANG_WARN_INT_CONVERSION = YES;
				CLANG_WARN_NON_LITERAL_NULL_CONVERSION = YES;
				CLANG_WARN_OBJC_IMPLICIT_RETAIN_SELF = YES;
				CLANG_WARN_OBJC_LITERAL_CONVERSION = YES;
				CLANG_WARN_OBJC_ROOT_CLASS = YES_ERROR;
				CLANG_WARN_QUOTED_INCLUDE_IN_FRAMEWORK_HEADER = YES;
				CLANG_WARN_RANGE_LOOP_ANALYSIS = YES;
				CLANG_WARN_STRICT_PROTOTYPES = YES;
				CLANG_WARN_SUSPICIOUS_MOVE = YES;
				CLANG_WARN_UNGUARDED_AVAILABILITY = YES_AGGRESSIVE;
				CLANG_WARN_UNREACHABLE_CODE = YES;
				CLANG_WARN__DUPLICATE_METHOD_MATCH = YES;
				COPY_PHASE_STRIP = NO;
				DEBUG_INFORMATION_FORMAT = "dwarf-with-dsym";
				ENABLE_NS_ASSERTIONS = NO;
				ENABLE_STRICT_OBJC_MSGSEND = YES;
				GCC_C_LANGUAGE_STANDARD = gnu11;
				GCC_NO_COMMON_BLOCKS = YES;
				GCC_WARN_64_TO_32_BIT_CONVERSION = YES;
				GCC_WARN_ABOUT_RETURN_TYPE = YES_ERROR;
				GCC_WARN_UNDECLARED_SELECTOR = YES;
				GCC_WARN_UNINITIALIZED_AUTOS = YES_AGGRESSIVE;
				GCC_WARN_UNUSED_FUNCTION = YES;
				GCC_WARN_UNUSED_VARIABLE = YES;
				IPHONEOS_DEPLOYMENT_TARGET = 14.0;
				MTL_ENABLE_DEBUG_INFO = NO;
				MTL_FAST_MATH = YES;
				SDKROOT = iphoneos;
				SWIFT_COMPILATION_MODE = wholemodule;
				SWIFT_OPTIMIZATION_LEVEL = "-O";
				VALIDATE_PRODUCT = YES;
			};
			name = Release;
		};
		8AF090922A5575830024CB75 /* Debug */ = {
			isa = XCBuildConfiguration;
			buildSettings = {
				ASSETCATALOG_COMPILER_APPICON_NAME = AppIcon;
				ASSETCATALOG_COMPILER_GLOBAL_ACCENT_COLOR_NAME = AccentColor;
				CODE_SIGN_STYLE = Automatic;
				CURRENT_PROJECT_VERSION = 1;
				DEVELOPMENT_TEAM = XPW6J5VK6U;
				GENERATE_INFOPLIST_FILE = YES;
				INFOPLIST_FILE = JoyDev_Practice/Info.plist;
				INFOPLIST_KEY_UIApplicationSupportsIndirectInputEvents = YES;
				INFOPLIST_KEY_UILaunchStoryboardName = LaunchScreen;
				INFOPLIST_KEY_UISupportedInterfaceOrientations_iPad = "UIInterfaceOrientationPortrait UIInterfaceOrientationPortraitUpsideDown UIInterfaceOrientationLandscapeLeft UIInterfaceOrientationLandscapeRight";
				INFOPLIST_KEY_UISupportedInterfaceOrientations_iPhone = "UIInterfaceOrientationPortrait UIInterfaceOrientationLandscapeLeft UIInterfaceOrientationLandscapeRight";
				IPHONEOS_DEPLOYMENT_TARGET = 14.0;
				LD_RUNPATH_SEARCH_PATHS = (
					"$(inherited)",
					"@executable_path/Frameworks",
				);
				MARKETING_VERSION = 1.0;
				PRODUCT_BUNDLE_IDENTIFIER = "com.sega..JoyDev-Practice";
				PRODUCT_NAME = "$(TARGET_NAME)";
				SWIFT_EMIT_LOC_STRINGS = YES;
				SWIFT_VERSION = 5.0;
				TARGETED_DEVICE_FAMILY = "1,2";
			};
			name = Debug;
		};
		8AF090932A5575830024CB75 /* Release */ = {
			isa = XCBuildConfiguration;
			buildSettings = {
				ASSETCATALOG_COMPILER_APPICON_NAME = AppIcon;
				ASSETCATALOG_COMPILER_GLOBAL_ACCENT_COLOR_NAME = AccentColor;
				CODE_SIGN_STYLE = Automatic;
				CURRENT_PROJECT_VERSION = 1;
				DEVELOPMENT_TEAM = XPW6J5VK6U;
				GENERATE_INFOPLIST_FILE = YES;
				INFOPLIST_FILE = JoyDev_Practice/Info.plist;
				INFOPLIST_KEY_UIApplicationSupportsIndirectInputEvents = YES;
				INFOPLIST_KEY_UILaunchStoryboardName = LaunchScreen;
				INFOPLIST_KEY_UISupportedInterfaceOrientations_iPad = "UIInterfaceOrientationPortrait UIInterfaceOrientationPortraitUpsideDown UIInterfaceOrientationLandscapeLeft UIInterfaceOrientationLandscapeRight";
				INFOPLIST_KEY_UISupportedInterfaceOrientations_iPhone = "UIInterfaceOrientationPortrait UIInterfaceOrientationLandscapeLeft UIInterfaceOrientationLandscapeRight";
				IPHONEOS_DEPLOYMENT_TARGET = 14.0;
				LD_RUNPATH_SEARCH_PATHS = (
					"$(inherited)",
					"@executable_path/Frameworks",
				);
				MARKETING_VERSION = 1.0;
				PRODUCT_BUNDLE_IDENTIFIER = "com.sega..JoyDev-Practice";
				PRODUCT_NAME = "$(TARGET_NAME)";
				SWIFT_EMIT_LOC_STRINGS = YES;
				SWIFT_VERSION = 5.0;
				TARGETED_DEVICE_FAMILY = "1,2";
			};
			name = Release;
		};
/* End XCBuildConfiguration section */

/* Begin XCConfigurationList section */
		8AF090782A55757F0024CB75 /* Build configuration list for PBXProject "JoyDev_Practice" */ = {
			isa = XCConfigurationList;
			buildConfigurations = (
				8AF0908F2A5575830024CB75 /* Debug */,
				8AF090902A5575830024CB75 /* Release */,
			);
			defaultConfigurationIsVisible = 0;
			defaultConfigurationName = Release;
		};
		8AF090912A5575830024CB75 /* Build configuration list for PBXNativeTarget "JoyDev_Practice" */ = {
			isa = XCConfigurationList;
			buildConfigurations = (
				8AF090922A5575830024CB75 /* Debug */,
				8AF090932A5575830024CB75 /* Release */,
			);
			defaultConfigurationIsVisible = 0;
			defaultConfigurationName = Release;
		};
/* End XCConfigurationList section */

/* Begin XCRemoteSwiftPackageReference section */
		CEB993F92A55789D00E502F9 /* XCRemoteSwiftPackageReference "Moya" */ = {
			isa = XCRemoteSwiftPackageReference;
			repositoryURL = "https://github.com/Moya/Moya.git";
			requirement = {
				branch = master;
				kind = branch;
			};
		};
		CEB993FC2A5578D200E502F9 /* XCRemoteSwiftPackageReference "Kingfisher" */ = {
			isa = XCRemoteSwiftPackageReference;
			repositoryURL = "https://github.com/onevcat/Kingfisher.git";
			requirement = {
				kind = upToNextMajorVersion;
				minimumVersion = 7.0.0;
			};
		};
/* End XCRemoteSwiftPackageReference section */

/* Begin XCSwiftPackageProductDependency section */
		CEB993FA2A55789D00E502F9 /* Moya */ = {
			isa = XCSwiftPackageProductDependency;
			package = CEB993F92A55789D00E502F9 /* XCRemoteSwiftPackageReference "Moya" */;
			productName = Moya;
		};
		CEB993FD2A5578D200E502F9 /* Kingfisher */ = {
			isa = XCSwiftPackageProductDependency;
			package = CEB993FC2A5578D200E502F9 /* XCRemoteSwiftPackageReference "Kingfisher" */;
			productName = Kingfisher;
		};
/* End XCSwiftPackageProductDependency section */
	};
	rootObject = 8AF090752A55757F0024CB75 /* Project object */;
}
